
Microsoft Visual Studio Solution File, Format Version 12.00
# Visual Studio Version 17
VisualStudioVersion = 17.5.002.0
MinimumVisualStudioVersion = 10.0.40219.1
Project("{9A19103F-16F7-4668-BE54-9A1E7A4F7556}") = "ListaGenérica", "ListaGenérica.csproj", "{AFB6DE27-BBF9-448C-940B-98AEBAFAC37B}"
EndProject
Global
	GlobalSection(SolutionConfigurationPlatforms) = preSolution
		Debug|Any CPU = Debug|Any CPU
		Release|Any CPU = Release|Any CPU
	EndGlobalSection
	GlobalSection(ProjectConfigurationPlatforms) = postSolution
		{AFB6DE27-BBF9-448C-940B-98AEBAFAC37B}.Debug|Any CPU.ActiveCfg = Debug|Any CPU
		{AFB6DE27-BBF9-448C-940B-98AEBAFAC37B}.Debug|Any CPU.Build.0 = Debug|Any CPU
		{AFB6DE27-BBF9-448C-940B-98AEBAFAC37B}.Release|Any CPU.ActiveCfg = Release|Any CPU
		{AFB6DE27-BBF9-448C-940B-98AEBAFAC37B}.Release|Any CPU.Build.0 = Release|Any CPU
	EndGlobalSection
	GlobalSection(SolutionProperties) = preSolution
		HideSolutionNode = FALSE
	EndGlobalSection
	GlobalSection(ExtensibilityGlobals) = postSolution
		SolutionGuid = {4F8E8624-E209-4CB3-A8DE-9A913C7C98BF}
	EndGlobalSection
EndGlobal
