
Microsoft Visual Studio Solution File, Format Version 12.00
# Visual Studio Version 17
VisualStudioVersion = 17.5.002.0
MinimumVisualStudioVersion = 10.0.40219.1
Project("{9A19103F-16F7-4668-BE54-9A1E7A4F7556}") = "JaggedArray", "JaggedArray.csproj", "{FD8DBEC3-501B-4AF1-B41C-6C648F6AED84}"
EndProject
Global
	GlobalSection(SolutionConfigurationPlatforms) = preSolution
		Debug|Any CPU = Debug|Any CPU
		Release|Any CPU = Release|Any CPU
	EndGlobalSection
	GlobalSection(ProjectConfigurationPlatforms) = postSolution
		{FD8DBEC3-501B-4AF1-B41C-6C648F6AED84}.Debug|Any CPU.ActiveCfg = Debug|Any CPU
		{FD8DBEC3-501B-4AF1-B41C-6C648F6AED84}.Debug|Any CPU.Build.0 = Debug|Any CPU
		{FD8DBEC3-501B-4AF1-B41C-6C648F6AED84}.Release|Any CPU.ActiveCfg = Release|Any CPU
		{FD8DBEC3-501B-4AF1-B41C-6C648F6AED84}.Release|Any CPU.Build.0 = Release|Any CPU
	EndGlobalSection
	GlobalSection(SolutionProperties) = preSolution
		HideSolutionNode = FALSE
	EndGlobalSection
	GlobalSection(ExtensibilityGlobals) = postSolution
		SolutionGuid = {FC1A2568-4CFF-4F5F-B968-689F698CFD2E}
	EndGlobalSection
EndGlobal
