
Microsoft Visual Studio Solution File, Format Version 12.00
# Visual Studio Version 17
VisualStudioVersion = 17.5.002.0
MinimumVisualStudioVersion = 10.0.40219.1
Project("{9A19103F-16F7-4668-BE54-9A1E7A4F7556}") = "Pilha-Paslíndromo", "Pilha-Paslíndromo.csproj", "{F2F0A4FC-21D7-4EC3-88A5-5127E6308D6E}"
EndProject
Global
	GlobalSection(SolutionConfigurationPlatforms) = preSolution
		Debug|Any CPU = Debug|Any CPU
		Release|Any CPU = Release|Any CPU
	EndGlobalSection
	GlobalSection(ProjectConfigurationPlatforms) = postSolution
		{F2F0A4FC-21D7-4EC3-88A5-5127E6308D6E}.Debug|Any CPU.ActiveCfg = Debug|Any CPU
		{F2F0A4FC-21D7-4EC3-88A5-5127E6308D6E}.Debug|Any CPU.Build.0 = Debug|Any CPU
		{F2F0A4FC-21D7-4EC3-88A5-5127E6308D6E}.Release|Any CPU.ActiveCfg = Release|Any CPU
		{F2F0A4FC-21D7-4EC3-88A5-5127E6308D6E}.Release|Any CPU.Build.0 = Release|Any CPU
	EndGlobalSection
	GlobalSection(SolutionProperties) = preSolution
		HideSolutionNode = FALSE
	EndGlobalSection
	GlobalSection(ExtensibilityGlobals) = postSolution
		SolutionGuid = {5C3A3CB7-1D07-4329-8723-CD4049DE34F4}
	EndGlobalSection
EndGlobal
