
Microsoft Visual Studio Solution File, Format Version 12.00
# Visual Studio Version 17
VisualStudioVersion = 17.5.002.0
MinimumVisualStudioVersion = 10.0.40219.1
Project("{9A19103F-16F7-4668-BE54-9A1E7A4F7556}") = "SimpleQuiz", "SimpleQuiz.csproj", "{3966B422-CEF2-4126-A2E5-23261452FD10}"
EndProject
Global
	GlobalSection(SolutionConfigurationPlatforms) = preSolution
		Debug|Any CPU = Debug|Any CPU
		Release|Any CPU = Release|Any CPU
	EndGlobalSection
	GlobalSection(ProjectConfigurationPlatforms) = postSolution
		{3966B422-CEF2-4126-A2E5-23261452FD10}.Debug|Any CPU.ActiveCfg = Debug|Any CPU
		{3966B422-CEF2-4126-A2E5-23261452FD10}.Debug|Any CPU.Build.0 = Debug|Any CPU
		{3966B422-CEF2-4126-A2E5-23261452FD10}.Release|Any CPU.ActiveCfg = Release|Any CPU
		{3966B422-CEF2-4126-A2E5-23261452FD10}.Release|Any CPU.Build.0 = Release|Any CPU
	EndGlobalSection
	GlobalSection(SolutionProperties) = preSolution
		HideSolutionNode = FALSE
	EndGlobalSection
	GlobalSection(ExtensibilityGlobals) = postSolution
		SolutionGuid = {17766CDC-9EE6-4209-9150-5787ADD6CB13}
	EndGlobalSection
EndGlobal
