
Microsoft Visual Studio Solution File, Format Version 12.00
# Visual Studio Version 17
VisualStudioVersion = 17.5.002.0
MinimumVisualStudioVersion = 10.0.40219.1
Project("{9A19103F-16F7-4668-BE54-9A1E7A4F7556}") = "Atividade Pilha", "Atividade Pilha.csproj", "{C917B8C6-EDCC-49C8-8862-6853C938F668}"
EndProject
Global
	GlobalSection(SolutionConfigurationPlatforms) = preSolution
		Debug|Any CPU = Debug|Any CPU
		Release|Any CPU = Release|Any CPU
	EndGlobalSection
	GlobalSection(ProjectConfigurationPlatforms) = postSolution
		{C917B8C6-EDCC-49C8-8862-6853C938F668}.Debug|Any CPU.ActiveCfg = Debug|Any CPU
		{C917B8C6-EDCC-49C8-8862-6853C938F668}.Debug|Any CPU.Build.0 = Debug|Any CPU
		{C917B8C6-EDCC-49C8-8862-6853C938F668}.Release|Any CPU.ActiveCfg = Release|Any CPU
		{C917B8C6-EDCC-49C8-8862-6853C938F668}.Release|Any CPU.Build.0 = Release|Any CPU
	EndGlobalSection
	GlobalSection(SolutionProperties) = preSolution
		HideSolutionNode = FALSE
	EndGlobalSection
	GlobalSection(ExtensibilityGlobals) = postSolution
		SolutionGuid = {48B4746D-E4BA-459E-B100-7DF0EB2E88C2}
	EndGlobalSection
EndGlobal
